
Microsoft Visual Studio Solution File, Format Version 12.00
# Visual Studio 15
VisualStudioVersion = 15.0.26124.0
MinimumVisualStudioVersion = 15.0.26124.0
Project("{FAE04EC0-301F-11D3-BF4B-00C04F79EFBC}") = "Exercicio-01", "Exercicio-01\Exercicio-01.csproj", "{C90984DC-D6E4-4E08-8778-A9ADCEA77DBD}"
EndProject
Project("{FAE04EC0-301F-11D3-BF4B-00C04F79EFBC}") = "Exercicio-02", "Exercicio-02\Exercicio-02.csproj", "{0B40378F-1823-4B82-A8BB-28B7146DC4A0}"
EndProject
Project("{FAE04EC0-301F-11D3-BF4B-00C04F79EFBC}") = "Exercicio-03", "Exercicio-03\Exercicio-03.csproj", "{2A773ADC-6DED-460C-91DE-FC25A427DFEE}"
EndProject
Project("{FAE04EC0-301F-11D3-BF4B-00C04F79EFBC}") = "Exercicio-04", "Exercicio-04\Exercicio-04.csproj", "{DF180FF9-A6C1-452F-BEE2-E4E7762EB083}"
EndProject
Global
	GlobalSection(SolutionConfigurationPlatforms) = preSolution
		Debug|Any CPU = Debug|Any CPU
		Debug|x64 = Debug|x64
		Debug|x86 = Debug|x86
		Release|Any CPU = Release|Any CPU
		Release|x64 = Release|x64
		Release|x86 = Release|x86
	EndGlobalSection
	GlobalSection(SolutionProperties) = preSolution
		HideSolutionNode = FALSE
	EndGlobalSection
	GlobalSection(ProjectConfigurationPlatforms) = postSolution
		{C90984DC-D6E4-4E08-8778-A9ADCEA77DBD}.Debug|Any CPU.ActiveCfg = Debug|Any CPU
		{C90984DC-D6E4-4E08-8778-A9ADCEA77DBD}.Debug|Any CPU.Build.0 = Debug|Any CPU
		{C90984DC-D6E4-4E08-8778-A9ADCEA77DBD}.Debug|x64.ActiveCfg = Debug|Any CPU
		{C90984DC-D6E4-4E08-8778-A9ADCEA77DBD}.Debug|x64.Build.0 = Debug|Any CPU
		{C90984DC-D6E4-4E08-8778-A9ADCEA77DBD}.Debug|x86.ActiveCfg = Debug|Any CPU
		{C90984DC-D6E4-4E08-8778-A9ADCEA77DBD}.Debug|x86.Build.0 = Debug|Any CPU
		{C90984DC-D6E4-4E08-8778-A9ADCEA77DBD}.Release|Any CPU.ActiveCfg = Release|Any CPU
		{C90984DC-D6E4-4E08-8778-A9ADCEA77DBD}.Release|Any CPU.Build.0 = Release|Any CPU
		{C90984DC-D6E4-4E08-8778-A9ADCEA77DBD}.Release|x64.ActiveCfg = Release|Any CPU
		{C90984DC-D6E4-4E08-8778-A9ADCEA77DBD}.Release|x64.Build.0 = Release|Any CPU
		{C90984DC-D6E4-4E08-8778-A9ADCEA77DBD}.Release|x86.ActiveCfg = Release|Any CPU
		{C90984DC-D6E4-4E08-8778-A9ADCEA77DBD}.Release|x86.Build.0 = Release|Any CPU
		{0B40378F-1823-4B82-A8BB-28B7146DC4A0}.Debug|Any CPU.ActiveCfg = Debug|Any CPU
		{0B40378F-1823-4B82-A8BB-28B7146DC4A0}.Debug|Any CPU.Build.0 = Debug|Any CPU
		{0B40378F-1823-4B82-A8BB-28B7146DC4A0}.Debug|x64.ActiveCfg = Debug|Any CPU
		{0B40378F-1823-4B82-A8BB-28B7146DC4A0}.Debug|x64.Build.0 = Debug|Any CPU
		{0B40378F-1823-4B82-A8BB-28B7146DC4A0}.Debug|x86.ActiveCfg = Debug|Any CPU
		{0B40378F-1823-4B82-A8BB-28B7146DC4A0}.Debug|x86.Build.0 = Debug|Any CPU
		{0B40378F-1823-4B82-A8BB-28B7146DC4A0}.Release|Any CPU.ActiveCfg = Release|Any CPU
		{0B40378F-1823-4B82-A8BB-28B7146DC4A0}.Release|Any CPU.Build.0 = Release|Any CPU
		{0B40378F-1823-4B82-A8BB-28B7146DC4A0}.Release|x64.ActiveCfg = Release|Any CPU
		{0B40378F-1823-4B82-A8BB-28B7146DC4A0}.Release|x64.Build.0 = Release|Any CPU
		{0B40378F-1823-4B82-A8BB-28B7146DC4A0}.Release|x86.ActiveCfg = Release|Any CPU
		{0B40378F-1823-4B82-A8BB-28B7146DC4A0}.Release|x86.Build.0 = Release|Any CPU
		{2A773ADC-6DED-460C-91DE-FC25A427DFEE}.Debug|Any CPU.ActiveCfg = Debug|Any CPU
		{2A773ADC-6DED-460C-91DE-FC25A427DFEE}.Debug|Any CPU.Build.0 = Debug|Any CPU
		{2A773ADC-6DED-460C-91DE-FC25A427DFEE}.Debug|x64.ActiveCfg = Debug|Any CPU
		{2A773ADC-6DED-460C-91DE-FC25A427DFEE}.Debug|x64.Build.0 = Debug|Any CPU
		{2A773ADC-6DED-460C-91DE-FC25A427DFEE}.Debug|x86.ActiveCfg = Debug|Any CPU
		{2A773ADC-6DED-460C-91DE-FC25A427DFEE}.Debug|x86.Build.0 = Debug|Any CPU
		{2A773ADC-6DED-460C-91DE-FC25A427DFEE}.Release|Any CPU.ActiveCfg = Release|Any CPU
		{2A773ADC-6DED-460C-91DE-FC25A427DFEE}.Release|Any CPU.Build.0 = Release|Any CPU
		{2A773ADC-6DED-460C-91DE-FC25A427DFEE}.Release|x64.ActiveCfg = Release|Any CPU
		{2A773ADC-6DED-460C-91DE-FC25A427DFEE}.Release|x64.Build.0 = Release|Any CPU
		{2A773ADC-6DED-460C-91DE-FC25A427DFEE}.Release|x86.ActiveCfg = Release|Any CPU
		{2A773ADC-6DED-460C-91DE-FC25A427DFEE}.Release|x86.Build.0 = Release|Any CPU
		{DF180FF9-A6C1-452F-BEE2-E4E7762EB083}.Debug|Any CPU.ActiveCfg = Debug|Any CPU
		{DF180FF9-A6C1-452F-BEE2-E4E7762EB083}.Debug|Any CPU.Build.0 = Debug|Any CPU
		{DF180FF9-A6C1-452F-BEE2-E4E7762EB083}.Debug|x64.ActiveCfg = Debug|Any CPU
		{DF180FF9-A6C1-452F-BEE2-E4E7762EB083}.Debug|x64.Build.0 = Debug|Any CPU
		{DF180FF9-A6C1-452F-BEE2-E4E7762EB083}.Debug|x86.ActiveCfg = Debug|Any CPU
		{DF180FF9-A6C1-452F-BEE2-E4E7762EB083}.Debug|x86.Build.0 = Debug|Any CPU
		{DF180FF9-A6C1-452F-BEE2-E4E7762EB083}.Release|Any CPU.ActiveCfg = Release|Any CPU
		{DF180FF9-A6C1-452F-BEE2-E4E7762EB083}.Release|Any CPU.Build.0 = Release|Any CPU
		{DF180FF9-A6C1-452F-BEE2-E4E7762EB083}.Release|x64.ActiveCfg = Release|Any CPU
		{DF180FF9-A6C1-452F-BEE2-E4E7762EB083}.Release|x64.Build.0 = Release|Any CPU
		{DF180FF9-A6C1-452F-BEE2-E4E7762EB083}.Release|x86.ActiveCfg = Release|Any CPU
		{DF180FF9-A6C1-452F-BEE2-E4E7762EB083}.Release|x86.Build.0 = Release|Any CPU
	EndGlobalSection
EndGlobal
